// !$*UTF8*$!
{
	archiveVersion = 1;
	classes = {
	};
	objectVersion = 50;
	objects = {

/* Begin PBXBuildFile section */
		A7B1E921256FB67500BAA3BA /* Science.swift in Sources */ = {isa = PBXBuildFile; fileRef = A7B1E920256FB67500BAA3BA /* Science.swift */; };
		A7B1E922256FB67500BAA3BA /* Fusee.swift in Sources */ = {isa = PBXBuildFile; fileRef = A7B1E91D256FB67500BAA3BA /* Fusee.swift */; };
		A7B1E923256FB67500BAA3BA /* Menu.swift in Sources */ = {isa = PBXBuildFile; fileRef = A7B1E91F256FB67500BAA3BA /* Menu.swift */; };
		A7B1E924256FB67500BAA3BA /* main.swift in Sources */ = {isa = PBXBuildFile; fileRef = A7B1E91E256FB67500BAA3BA /* main.swift */; };
		A7B1E925256FB67500BAA3BA /* Fonction.swift in Sources */ = {isa = PBXBuildFile; fileRef = A7B1E91C256FB67500BAA3BA /* Fonction.swift */; };
/* End PBXBuildFile section */

/* Begin PBXCopyFilesBuildPhase section */
		A7B1E90E256FB63900BAA3BA /* CopyFiles */ = {
			isa = PBXCopyFilesBuildPhase;
			buildActionMask = 2147483647;
			dstPath = /usr/share/man/man1/;
			dstSubfolderSpec = 0;
			files = (
			);
			runOnlyForDeploymentPostprocessing = 1;
		};
/* End PBXCopyFilesBuildPhase section */

/* Begin PBXFileReference section */
		A7B1E910256FB63900BAA3BA /* Jeu_Fusee */ = {isa = PBXFileReference; explicitFileType = "compiled.mach-o.executable"; includeInIndex = 0; path = Jeu_Fusee; sourceTree = BUILT_PRODUCTS_DIR; };
		A7B1E91C256FB67500BAA3BA /* Fonction.swift */ = {isa = PBXFileReference; lastKnownFileType = sourcecode.swift; path = Fonction.swift; sourceTree = "<group>"; };
		A7B1E91D256FB67500BAA3BA /* Fusee.swift */ = {isa = PBXFileReference; lastKnownFileType = sourcecode.swift; path = Fusee.swift; sourceTree = "<group>"; };
		A7B1E91E256FB67500BAA3BA /* main.swift */ = {isa = PBXFileReference; lastKnownFileType = sourcecode.swift; name = main.swift; path = "Jeu_Fusée/main.swift"; sourceTree = "<group>"; };
		A7B1E91F256FB67500BAA3BA /* Menu.swift */ = {isa = PBXFileReference; lastKnownFileType = sourcecode.swift; path = Menu.swift; sourceTree = "<group>"; };
		A7B1E920256FB67500BAA3BA /* Science.swift */ = {isa = PBXFileReference; lastKnownFileType = sourcecode.swift; path = Science.swift; sourceTree = "<group>"; };
/* End PBXFileReference section */

/* Begin PBXFrameworksBuildPhase section */
		A7B1E90D256FB63900BAA3BA /* Frameworks */ = {
			isa = PBXFrameworksBuildPhase;
			buildActionMask = 2147483647;
			files = (
			);
			runOnlyForDeploymentPostprocessing = 0;
		};
/* End PBXFrameworksBuildPhase section */

/* Begin PBXGroup section */
		A7B1E907256FB63900BAA3BA = {
			isa = PBXGroup;
			children = (
				A7B1E912256FB63900BAA3BA /* Jeu_Fusee */,
				A7B1E911256FB63900BAA3BA /* Products */,
			);
			sourceTree = "<group>";
		};
		A7B1E911256FB63900BAA3BA /* Products */ = {
			isa = PBXGroup;
			children = (
				A7B1E910256FB63900BAA3BA /* Jeu_Fusee */,
			);
			name = Products;
			sourceTree = "<group>";
		};
		A7B1E912256FB63900BAA3BA /* Jeu_Fusee */ = {
			isa = PBXGroup;
			children = (
				A7B1E91C256FB67500BAA3BA /* Fonction.swift */,
				A7B1E91D256FB67500BAA3BA /* Fusee.swift */,
				A7B1E91E256FB67500BAA3BA /* main.swift */,
				A7B1E91F256FB67500BAA3BA /* Menu.swift */,
				A7B1E920256FB67500BAA3BA /* Science.swift */,
			);
			path = Jeu_Fusee;
			sourceTree = "<group>";
		};
/* End PBXGroup section */

/* Begin PBXNativeTarget section */
		A7B1E90F256FB63900BAA3BA /* Jeu_Fusee */ = {
			isa = PBXNativeTarget;
			buildConfigurationList = A7B1E917256FB63900BAA3BA /* Build configuration list for PBXNativeTarget "Jeu_Fusee" */;
			buildPhases = (
				A7B1E90C256FB63900BAA3BA /* Sources */,
				A7B1E90D256FB63900BAA3BA /* Frameworks */,
				A7B1E90E256FB63900BAA3BA /* CopyFiles */,
			);
			buildRules = (
			);
			dependencies = (
			);
			name = Jeu_Fusee;
			productName = Jeu_Fusee;
			productReference = A7B1E910256FB63900BAA3BA /* Jeu_Fusee */;
			productType = "com.apple.product-type.tool";
		};
/* End PBXNativeTarget section */

/* Begin PBXProject section */
		A7B1E908256FB63900BAA3BA /* Project object */ = {
			isa = PBXProject;
			attributes = {
				LastSwiftUpdateCheck = 1220;
				LastUpgradeCheck = 1220;
				TargetAttributes = {
					A7B1E90F256FB63900BAA3BA = {
						CreatedOnToolsVersion = 12.2;
					};
				};
			};
			buildConfigurationList = A7B1E90B256FB63900BAA3BA /* Build configuration list for PBXProject "Jeu_Fusee" */;
			compatibilityVersion = "Xcode 9.3";
			developmentRegion = en;
			hasScannedForEncodings = 0;
			knownRegions = (
				en,
				Base,
			);
			mainGroup = A7B1E907256FB63900BAA3BA;
			productRefGroup = A7B1E911256FB63900BAA3BA /* Products */;
			projectDirPath = "";
			projectRoot = "";
			targets = (
				A7B1E90F256FB63900BAA3BA /* Jeu_Fusee */,
			);
		};
/* End PBXProject section */

/* Begin PBXSourcesBuildPhase section */
		A7B1E90C256FB63900BAA3BA /* Sources */ = {
			isa = PBXSourcesBuildPhase;
			buildActionMask = 2147483647;
			files = (
				A7B1E921256FB67500BAA3BA /* Science.swift in Sources */,
				A7B1E924256FB67500BAA3BA /* main.swift in Sources */,
				A7B1E923256FB67500BAA3BA /* Menu.swift in Sources */,
				A7B1E922256FB67500BAA3BA /* Fusee.swift in Sources */,
				A7B1E925256FB67500BAA3BA /* Fonction.swift in Sources */,
			);
			runOnlyForDeploymentPostprocessing = 0;
		};
/* End PBXSourcesBuildPhase section */

/* Begin XCBuildConfiguration section */
		A7B1E915256FB63900BAA3BA /* Debug */ = {
			isa = XCBuildConfiguration;
			buildSettings = {
				ALWAYS_SEARCH_USER_PATHS = NO;
				CLANG_ANALYZER_NONNULL = YES;
				CLANG_ANALYZER_NUMBER_OBJECT_CONVERSION = YES_AGGRESSIVE;
				CLANG_CXX_LANGUAGE_STANDARD = "gnu++14";
				CLANG_CXX_LIBRARY = "libc++";
				CLANG_ENABLE_MODULES = YES;
				CLANG_ENABLE_OBJC_ARC = YES;
				CLANG_ENABLE_OBJC_WEAK = YES;
				CLANG_WARN_BLOCK_CAPTURE_AUTORELEASING = YES;
				CLANG_WARN_BOOL_CONVERSION = YES;
				CLANG_WARN_COMMA = YES;
				CLANG_WARN_CONSTANT_CONVERSION = YES;
				CLANG_WARN_DEPRECATED_OBJC_IMPLEMENTATIONS = YES;
				CLANG_WARN_DIRECT_OBJC_ISA_USAGE = YES_ERROR;
				CLANG_WARN_DOCUMENTATION_COMMENTS = YES;
				CLANG_WARN_EMPTY_BODY = YES;
				CLANG_WARN_ENUM_CONVERSION = YES;
				CLANG_WARN_INFINITE_RECURSION = YES;
				CLANG_WARN_INT_CONVERSION = YES;
				CLANG_WARN_NON_LITERAL_NULL_CONVERSION = YES;
				CLANG_WARN_OBJC_IMPLICIT_RETAIN_SELF = YES;
				CLANG_WARN_OBJC_LITERAL_CONVERSION = YES;
				CLANG_WARN_OBJC_ROOT_CLASS = YES_ERROR;
				CLANG_WARN_QUOTED_INCLUDE_IN_FRAMEWORK_HEADER = YES;
				CLANG_WARN_RANGE_LOOP_ANALYSIS = YES;
				CLANG_WARN_STRICT_PROTOTYPES = YES;
				CLANG_WARN_SUSPICIOUS_MOVE = YES;
				CLANG_WARN_UNGUARDED_AVAILABILITY = YES_AGGRESSIVE;
				CLANG_WARN_UNREACHABLE_CODE = YES;
				CLANG_WARN__DUPLICATE_METHOD_MATCH = YES;
				COPY_PHASE_STRIP = NO;
				DEBUG_INFORMATION_FORMAT = dwarf;
				ENABLE_STRICT_OBJC_MSGSEND = YES;
				ENABLE_TESTABILITY = YES;
				GCC_C_LANGUAGE_STANDARD = gnu11;
				GCC_DYNAMIC_NO_PIC = NO;
				GCC_NO_COMMON_BLOCKS = YES;
				GCC_OPTIMIZATION_LEVEL = 0;
				GCC_PREPROCESSOR_DEFINITIONS = (
					"DEBUG=1",
					"$(inherited)",
				);
				GCC_WARN_64_TO_32_BIT_CONVERSION = YES;
				GCC_WARN_ABOUT_RETURN_TYPE = YES_ERROR;
				GCC_WARN_UNDECLARED_SELECTOR = YES;
				GCC_WARN_UNINITIALIZED_AUTOS = YES_AGGRESSIVE;
				GCC_WARN_UNUSED_FUNCTION = YES;
				GCC_WARN_UNUSED_VARIABLE = YES;
				MACOSX_DEPLOYMENT_TARGET = 11.0;
				MTL_ENABLE_DEBUG_INFO = INCLUDE_SOURCE;
				MTL_FAST_MATH = YES;
				ONLY_ACTIVE_ARCH = YES;
				SDKROOT = macosx;
				SWIFT_ACTIVE_COMPILATION_CONDITIONS = DEBUG;
				SWIFT_OPTIMIZATION_LEVEL = "-Onone";
			};
			name = Debug;
		};
		A7B1E916256FB63900BAA3BA /* Release */ = {
			isa = XCBuildConfiguration;
			buildSettings = {
				ALWAYS_SEARCH_USER_PATHS = NO;
				CLANG_ANALYZER_NONNULL = YES;
				CLANG_ANALYZER_NUMBER_OBJECT_CONVERSION = YES_AGGRESSIVE;
				CLANG_CXX_LANGUAGE_STANDARD = "gnu++14";
				CLANG_CXX_LIBRARY = "libc++";
				CLANG_ENABLE_MODULES = YES;
				CLANG_ENABLE_OBJC_ARC = YES;
				CLANG_ENABLE_OBJC_WEAK = YES;
				CLANG_WARN_BLOCK_CAPTURE_AUTORELEASING = YES;
				CLANG_WARN_BOOL_CONVERSION = YES;
				CLANG_WARN_COMMA = YES;
				CLANG_WARN_CONSTANT_CONVERSION = YES;
				CLANG_WARN_DEPRECATED_OBJC_IMPLEMENTATIONS = YES;
				CLANG_WARN_DIRECT_OBJC_ISA_USAGE = YES_ERROR;
				CLANG_WARN_DOCUMENTATION_COMMENTS = YES;
				CLANG_WARN_EMPTY_BODY = YES;
				CLANG_WARN_ENUM_CONVERSION = YES;
				CLANG_WARN_INFINITE_RECURSION = YES;
				CLANG_WARN_INT_CONVERSION = YES;
				CLANG_WARN_NON_LITERAL_NULL_CONVERSION = YES;
				CLANG_WARN_OBJC_IMPLICIT_RETAIN_SELF = YES;
				CLANG_WARN_OBJC_LITERAL_CONVERSION = YES;
				CLANG_WARN_OBJC_ROOT_CLASS = YES_ERROR;
				CLANG_WARN_QUOTED_INCLUDE_IN_FRAMEWORK_HEADER = YES;
				CLANG_WARN_RANGE_LOOP_ANALYSIS = YES;
				CLANG_WARN_STRICT_PROTOTYPES = YES;
				CLANG_WARN_SUSPICIOUS_MOVE = YES;
				CLANG_WARN_UNGUARDED_AVAILABILITY = YES_AGGRESSIVE;
				CLANG_WARN_UNREACHABLE_CODE = YES;
				CLANG_WARN__DUPLICATE_METHOD_MATCH = YES;
				COPY_PHASE_STRIP = NO;
				DEBUG_INFORMATION_FORMAT = "dwarf-with-dsym";
				ENABLE_NS_ASSERTIONS = NO;
				ENABLE_STRICT_OBJC_MSGSEND = YES;
				GCC_C_LANGUAGE_STANDARD = gnu11;
				GCC_NO_COMMON_BLOCKS = YES;
				GCC_WARN_64_TO_32_BIT_CONVERSION = YES;
				GCC_WARN_ABOUT_RETURN_TYPE = YES_ERROR;
				GCC_WARN_UNDECLARED_SELECTOR = YES;
				GCC_WARN_UNINITIALIZED_AUTOS = YES_AGGRESSIVE;
				GCC_WARN_UNUSED_FUNCTION = YES;
				GCC_WARN_UNUSED_VARIABLE = YES;
				MACOSX_DEPLOYMENT_TARGET = 11.0;
				MTL_ENABLE_DEBUG_INFO = NO;
				MTL_FAST_MATH = YES;
				SDKROOT = macosx;
				SWIFT_COMPILATION_MODE = wholemodule;
				SWIFT_OPTIMIZATION_LEVEL = "-O";
			};
			name = Release;
		};
		A7B1E918256FB63900BAA3BA /* Debug */ = {
			isa = XCBuildConfiguration;
			buildSettings = {
				CODE_SIGN_STYLE = Automatic;
				PRODUCT_NAME = "$(TARGET_NAME)";
				SWIFT_VERSION = 5.0;
			};
			name = Debug;
		};
		A7B1E919256FB63900BAA3BA /* Release */ = {
			isa = XCBuildConfiguration;
			buildSettings = {
				CODE_SIGN_STYLE = Automatic;
				PRODUCT_NAME = "$(TARGET_NAME)";
				SWIFT_VERSION = 5.0;
			};
			name = Release;
		};
/* End XCBuildConfiguration section */

/* Begin XCConfigurationList section */
		A7B1E90B256FB63900BAA3BA /* Build configuration list for PBXProject "Jeu_Fusee" */ = {
			isa = XCConfigurationList;
			buildConfigurations = (
				A7B1E915256FB63900BAA3BA /* Debug */,
				A7B1E916256FB63900BAA3BA /* Release */,
			);
			defaultConfigurationIsVisible = 0;
			defaultConfigurationName = Release;
		};
		A7B1E917256FB63900BAA3BA /* Build configuration list for PBXNativeTarget "Jeu_Fusee" */ = {
			isa = XCConfigurationList;
			buildConfigurations = (
				A7B1E918256FB63900BAA3BA /* Debug */,
				A7B1E919256FB63900BAA3BA /* Release */,
			);
			defaultConfigurationIsVisible = 0;
			defaultConfigurationName = Release;
		};
/* End XCConfigurationList section */
	};
	rootObject = A7B1E908256FB63900BAA3BA /* Project object */;
}
